
Microsoft Visual Studio Solution File, Format Version 12.00
# Visual Studio 15
VisualStudioVersion = 15.0.26730.3
MinimumVisualStudioVersion = 10.0.40219.1
Project("{FAE04EC0-301F-11D3-BF4B-00C04F79EFBC}") = "MyFirstWebsite", "MyFirstWebsite\MyFirstWebsite.csproj", "{203CA9AB-5137-4414-AE99-B557D106163D}"
EndProject
Global
	GlobalSection(SolutionConfigurationPlatforms) = preSolution
		Debug|Any CPU = Debug|Any CPU
		Release|Any CPU = Release|Any CPU
	EndGlobalSection
	GlobalSection(ProjectConfigurationPlatforms) = postSolution
		{203CA9AB-5137-4414-AE99-B557D106163D}.Debug|Any CPU.ActiveCfg = Debug|Any CPU
		{203CA9AB-5137-4414-AE99-B557D106163D}.Debug|Any CPU.Build.0 = Debug|Any CPU
		{203CA9AB-5137-4414-AE99-B557D106163D}.Release|Any CPU.ActiveCfg = Release|Any CPU
		{203CA9AB-5137-4414-AE99-B557D106163D}.Release|Any CPU.Build.0 = Release|Any CPU
	EndGlobalSection
	GlobalSection(SolutionProperties) = preSolution
		HideSolutionNode = FALSE
	EndGlobalSection
	GlobalSection(ExtensibilityGlobals) = postSolution
		SolutionGuid = {6427B5D2-DE33-4954-A437-120A111C0483}
	EndGlobalSection
EndGlobal
